
Microsoft Visual Studio Solution File, Format Version 12.00
# Visual Studio Version 16
VisualStudioVersion = 16.0.31019.35
MinimumVisualStudioVersion = 10.0.40219.1
Project("{FAE04EC0-301F-11D3-BF4B-00C04F79EFBC}") = "DapperORM", "DapperORM\DapperORM.csproj", "{C88AB71E-3955-43C1-BBB6-314AF243A6C1}"
EndProject
Global
	GlobalSection(SolutionConfigurationPlatforms) = preSolution
		Debug|Any CPU = Debug|Any CPU
		Release|Any CPU = Release|Any CPU
	EndGlobalSection
	GlobalSection(ProjectConfigurationPlatforms) = postSolution
		{C88AB71E-3955-43C1-BBB6-314AF243A6C1}.Debug|Any CPU.ActiveCfg = Debug|Any CPU
		{C88AB71E-3955-43C1-BBB6-314AF243A6C1}.Debug|Any CPU.Build.0 = Debug|Any CPU
		{C88AB71E-3955-43C1-BBB6-314AF243A6C1}.Release|Any CPU.ActiveCfg = Release|Any CPU
		{C88AB71E-3955-43C1-BBB6-314AF243A6C1}.Release|Any CPU.Build.0 = Release|Any CPU
	EndGlobalSection
	GlobalSection(SolutionProperties) = preSolution
		HideSolutionNode = FALSE
	EndGlobalSection
	GlobalSection(ExtensibilityGlobals) = postSolution
		SolutionGuid = {B5818BCF-9577-4114-A950-A325F2BF111D}
	EndGlobalSection
EndGlobal
